
Microsoft Visual Studio Solution File, Format Version 12.00
# Visual Studio Version 17
VisualStudioVersion = 17.12.35527.113 d17.12
MinimumVisualStudioVersion = 10.0.40219.1
Project("{FAE04EC0-301F-11D3-BF4B-00C04F79EFBC}") = "Livraria.Api", "Livraria.Api\Livraria.Api.csproj", "{31D40772-5A23-4D09-AFF8-2F1B95745740}"
EndProject
Project("{54A90642-561A-4BB1-A94E-469ADEE60C69}") = "Livraria.Web", "Livraria.Web\Livraria.Web.esproj", "{479F7983-FCE7-4C22-B70B-68A374991892}"
EndProject
Global
	GlobalSection(SolutionConfigurationPlatforms) = preSolution
		Debug|Any CPU = Debug|Any CPU
		Release|Any CPU = Release|Any CPU
	EndGlobalSection
	GlobalSection(ProjectConfigurationPlatforms) = postSolution
		{31D40772-5A23-4D09-AFF8-2F1B95745740}.Debug|Any CPU.ActiveCfg = Debug|Any CPU
		{31D40772-5A23-4D09-AFF8-2F1B95745740}.Debug|Any CPU.Build.0 = Debug|Any CPU
		{31D40772-5A23-4D09-AFF8-2F1B95745740}.Release|Any CPU.ActiveCfg = Release|Any CPU
		{31D40772-5A23-4D09-AFF8-2F1B95745740}.Release|Any CPU.Build.0 = Release|Any CPU
		{479F7983-FCE7-4C22-B70B-68A374991892}.Debug|Any CPU.ActiveCfg = Debug|Any CPU
		{479F7983-FCE7-4C22-B70B-68A374991892}.Debug|Any CPU.Build.0 = Debug|Any CPU
		{479F7983-FCE7-4C22-B70B-68A374991892}.Debug|Any CPU.Deploy.0 = Debug|Any CPU
		{479F7983-FCE7-4C22-B70B-68A374991892}.Release|Any CPU.ActiveCfg = Release|Any CPU
		{479F7983-FCE7-4C22-B70B-68A374991892}.Release|Any CPU.Build.0 = Release|Any CPU
		{479F7983-FCE7-4C22-B70B-68A374991892}.Release|Any CPU.Deploy.0 = Release|Any CPU
	EndGlobalSection
	GlobalSection(SolutionProperties) = preSolution
		HideSolutionNode = FALSE
	EndGlobalSection
EndGlobal
